
Microsoft Visual Studio Solution File, Format Version 12.00
# Visual Studio 15
VisualStudioVersion = 15.0.28307.852
MinimumVisualStudioVersion = 10.0.40219.1
Project("{FAE04EC0-301F-11D3-BF4B-00C04F79EFBC}") = "API", "API\API.csproj", "{840C387B-CD33-4AB2-9A13-5D8A56639DE5}"
EndProject
Project("{FAE04EC0-301F-11D3-BF4B-00C04F79EFBC}") = "MVC", "MVC\MVC.csproj", "{C02CD0B2-ED5E-4462-9DD2-213981727E8A}"
EndProject
Global
	GlobalSection(SolutionConfigurationPlatforms) = preSolution
		Debug|Any CPU = Debug|Any CPU
		Release|Any CPU = Release|Any CPU
	EndGlobalSection
	GlobalSection(ProjectConfigurationPlatforms) = postSolution
		{840C387B-CD33-4AB2-9A13-5D8A56639DE5}.Debug|Any CPU.ActiveCfg = Debug|Any CPU
		{840C387B-CD33-4AB2-9A13-5D8A56639DE5}.Debug|Any CPU.Build.0 = Debug|Any CPU
		{840C387B-CD33-4AB2-9A13-5D8A56639DE5}.Release|Any CPU.ActiveCfg = Release|Any CPU
		{840C387B-CD33-4AB2-9A13-5D8A56639DE5}.Release|Any CPU.Build.0 = Release|Any CPU
		{C02CD0B2-ED5E-4462-9DD2-213981727E8A}.Debug|Any CPU.ActiveCfg = Debug|Any CPU
		{C02CD0B2-ED5E-4462-9DD2-213981727E8A}.Debug|Any CPU.Build.0 = Debug|Any CPU
		{C02CD0B2-ED5E-4462-9DD2-213981727E8A}.Release|Any CPU.ActiveCfg = Release|Any CPU
		{C02CD0B2-ED5E-4462-9DD2-213981727E8A}.Release|Any CPU.Build.0 = Release|Any CPU
	EndGlobalSection
	GlobalSection(SolutionProperties) = preSolution
		HideSolutionNode = FALSE
	EndGlobalSection
	GlobalSection(ExtensibilityGlobals) = postSolution
		SolutionGuid = {012340A9-7B5A-420B-A024-C50DBB494722}
	EndGlobalSection
EndGlobal
